
Microsoft Visual Studio Solution File, Format Version 12.00
# Visual Studio Version 16
VisualStudioVersion = 16.0.30717.126
MinimumVisualStudioVersion = 10.0.40219.1
Project("{FAE04EC0-301F-11D3-BF4B-00C04F79EFBC}") = "LineScanCameraUI", "LineScanCameraUI\LineScanCameraUI.csproj", "{A6897FCC-8FEE-4AFA-9ABB-0BB20C049523}"
EndProject
Global
	GlobalSection(SolutionConfigurationPlatforms) = preSolution
		Debug|Any CPU = Debug|Any CPU
		Release|Any CPU = Release|Any CPU
	EndGlobalSection
	GlobalSection(ProjectConfigurationPlatforms) = postSolution
		{A6897FCC-8FEE-4AFA-9ABB-0BB20C049523}.Debug|Any CPU.ActiveCfg = Debug|Any CPU
		{A6897FCC-8FEE-4AFA-9ABB-0BB20C049523}.Debug|Any CPU.Build.0 = Debug|Any CPU
		{A6897FCC-8FEE-4AFA-9ABB-0BB20C049523}.Release|Any CPU.ActiveCfg = Release|Any CPU
		{A6897FCC-8FEE-4AFA-9ABB-0BB20C049523}.Release|Any CPU.Build.0 = Release|Any CPU
	EndGlobalSection
	GlobalSection(SolutionProperties) = preSolution
		HideSolutionNode = FALSE
	EndGlobalSection
	GlobalSection(ExtensibilityGlobals) = postSolution
		SolutionGuid = {DD77399B-C589-4F47-8DBD-E7DB6FE3635D}
	EndGlobalSection
EndGlobal
